
Microsoft Visual Studio Solution File, Format Version 12.00
# Visual Studio Version 17
VisualStudioVersion = 17.11.35201.85
MinimumVisualStudioVersion = 10.0.40219.1
Project("{FAE04EC0-301F-11D3-BF4B-00C04F79EFBC}") = "InstitucionMVC", "InstitucionMVC\InstitucionMVC.csproj", "{047796C5-BE41-4AB8-AE70-BA7F2E4451BC}"
EndProject
Global
	GlobalSection(SolutionConfigurationPlatforms) = preSolution
		Debug|Any CPU = Debug|Any CPU
		Release|Any CPU = Release|Any CPU
	EndGlobalSection
	GlobalSection(ProjectConfigurationPlatforms) = postSolution
		{047796C5-BE41-4AB8-AE70-BA7F2E4451BC}.Debug|Any CPU.ActiveCfg = Debug|Any CPU
		{047796C5-BE41-4AB8-AE70-BA7F2E4451BC}.Debug|Any CPU.Build.0 = Debug|Any CPU
		{047796C5-BE41-4AB8-AE70-BA7F2E4451BC}.Release|Any CPU.ActiveCfg = Release|Any CPU
		{047796C5-BE41-4AB8-AE70-BA7F2E4451BC}.Release|Any CPU.Build.0 = Release|Any CPU
	EndGlobalSection
	GlobalSection(SolutionProperties) = preSolution
		HideSolutionNode = FALSE
	EndGlobalSection
	GlobalSection(ExtensibilityGlobals) = postSolution
		SolutionGuid = {79B55E46-46E9-49C3-91CB-F624982A7129}
	EndGlobalSection
EndGlobal
